
Microsoft Visual Studio Solution File, Format Version 12.00
# Visual Studio Version 17
VisualStudioVersion = 17.14.36408.4
MinimumVisualStudioVersion = 10.0.40219.1
Project("{2150E333-8FDC-42A3-9474-1A3956D46DE8}") = "Domain", "Domain", "{02EA681E-C7D8-13C7-8484-4AC65E1B71E8}"
EndProject
Project("{2150E333-8FDC-42A3-9474-1A3956D46DE8}") = "Presentation", "Presentation", "{02F4D04F-0D79-4A94-AC61-D0AE1D9E4B39}"
EndProject
Project("{2150E333-8FDC-42A3-9474-1A3956D46DE8}") = "Infrastracture", "Infrastracture", "{A13446CB-E6E4-4891-ACBD-B8678F4FC832}"
EndProject
Project("{2150E333-8FDC-42A3-9474-1A3956D46DE8}") = "Application", "Application", "{8C25A9F5-1E50-4AA1-A331-207A002070D2}"
EndProject
Project("{FAE04EC0-301F-11D3-BF4B-00C04F79EFBC}") = "Todo.Entities", "Domain\Todo.Models\Todo.Entities\Todo.Entities.csproj", "{203A5E19-C400-474A-8E61-774D762ACDC6}"
EndProject
Project("{FAE04EC0-301F-11D3-BF4B-00C04F79EFBC}") = "Todo.Interfaces", "Domain\Todo.Interfaces\Todo.Interfaces.csproj", "{78611677-9C32-568E-6DF4-34C0513789D8}"
EndProject
Project("{FAE04EC0-301F-11D3-BF4B-00C04F79EFBC}") = "Todo.UseCases", "Application\UseCases\Todo.UseCases.csproj", "{AC602686-DCDB-4283-98C6-793DFBB9949A}"
EndProject
Project("{FAE04EC0-301F-11D3-BF4B-00C04F79EFBC}") = "Todo.Persistence", "Infrastracture\Todo.Persistence\Todo.Persistence.csproj", "{A10CEBB1-93A1-7310-A6FE-59ADCB36825E}"
EndProject
Project("{FAE04EC0-301F-11D3-BF4B-00C04F79EFBC}") = "Todo.API", "Presentation\Todo.API\Todo.API.csproj", "{29417F69-4C2D-B39A-ABB7-EA5A8503E2FB}"
EndProject
Global
	GlobalSection(SolutionConfigurationPlatforms) = preSolution
		Debug|Any CPU = Debug|Any CPU
		Release|Any CPU = Release|Any CPU
	EndGlobalSection
	GlobalSection(ProjectConfigurationPlatforms) = postSolution
		{203A5E19-C400-474A-8E61-774D762ACDC6}.Debug|Any CPU.ActiveCfg = Debug|Any CPU
		{203A5E19-C400-474A-8E61-774D762ACDC6}.Debug|Any CPU.Build.0 = Debug|Any CPU
		{203A5E19-C400-474A-8E61-774D762ACDC6}.Release|Any CPU.ActiveCfg = Release|Any CPU
		{203A5E19-C400-474A-8E61-774D762ACDC6}.Release|Any CPU.Build.0 = Release|Any CPU
		{78611677-9C32-568E-6DF4-34C0513789D8}.Debug|Any CPU.ActiveCfg = Debug|Any CPU
		{78611677-9C32-568E-6DF4-34C0513789D8}.Debug|Any CPU.Build.0 = Debug|Any CPU
		{78611677-9C32-568E-6DF4-34C0513789D8}.Release|Any CPU.ActiveCfg = Release|Any CPU
		{78611677-9C32-568E-6DF4-34C0513789D8}.Release|Any CPU.Build.0 = Release|Any CPU
		{AC602686-DCDB-4283-98C6-793DFBB9949A}.Debug|Any CPU.ActiveCfg = Debug|Any CPU
		{AC602686-DCDB-4283-98C6-793DFBB9949A}.Debug|Any CPU.Build.0 = Debug|Any CPU
		{AC602686-DCDB-4283-98C6-793DFBB9949A}.Release|Any CPU.ActiveCfg = Release|Any CPU
		{AC602686-DCDB-4283-98C6-793DFBB9949A}.Release|Any CPU.Build.0 = Release|Any CPU
		{A10CEBB1-93A1-7310-A6FE-59ADCB36825E}.Debug|Any CPU.ActiveCfg = Debug|Any CPU
		{A10CEBB1-93A1-7310-A6FE-59ADCB36825E}.Debug|Any CPU.Build.0 = Debug|Any CPU
		{A10CEBB1-93A1-7310-A6FE-59ADCB36825E}.Release|Any CPU.ActiveCfg = Release|Any CPU
		{A10CEBB1-93A1-7310-A6FE-59ADCB36825E}.Release|Any CPU.Build.0 = Release|Any CPU
		{29417F69-4C2D-B39A-ABB7-EA5A8503E2FB}.Debug|Any CPU.ActiveCfg = Debug|Any CPU
		{29417F69-4C2D-B39A-ABB7-EA5A8503E2FB}.Debug|Any CPU.Build.0 = Debug|Any CPU
		{29417F69-4C2D-B39A-ABB7-EA5A8503E2FB}.Release|Any CPU.ActiveCfg = Release|Any CPU
		{29417F69-4C2D-B39A-ABB7-EA5A8503E2FB}.Release|Any CPU.Build.0 = Release|Any CPU
	EndGlobalSection
	GlobalSection(SolutionProperties) = preSolution
		HideSolutionNode = FALSE
	EndGlobalSection
	GlobalSection(NestedProjects) = preSolution
		{203A5E19-C400-474A-8E61-774D762ACDC6} = {02EA681E-C7D8-13C7-8484-4AC65E1B71E8}
		{78611677-9C32-568E-6DF4-34C0513789D8} = {02EA681E-C7D8-13C7-8484-4AC65E1B71E8}
		{AC602686-DCDB-4283-98C6-793DFBB9949A} = {8C25A9F5-1E50-4AA1-A331-207A002070D2}
		{A10CEBB1-93A1-7310-A6FE-59ADCB36825E} = {A13446CB-E6E4-4891-ACBD-B8678F4FC832}
		{29417F69-4C2D-B39A-ABB7-EA5A8503E2FB} = {02F4D04F-0D79-4A94-AC61-D0AE1D9E4B39}
	EndGlobalSection
	GlobalSection(ExtensibilityGlobals) = postSolution
		SolutionGuid = {24AA0B9E-8455-4A3B-B14E-C083A373DD94}
	EndGlobalSection
EndGlobal
